
Microsoft Visual Studio Solution File, Format Version 12.00
# Visual Studio 2012
Project("{FAE04EC0-301F-11D3-BF4B-00C04F79EFBC}") = "QuizX", "QuizX\QuizX.csproj", "{49C707B7-790F-43EA-B6F9-4CE8135FC528}"
EndProject
Global
	GlobalSection(SolutionConfigurationPlatforms) = preSolution
		Debug|iPhoneSimulator = Debug|iPhoneSimulator
		Release|iPhone = Release|iPhone
		Release|iPhoneSimulator = Release|iPhoneSimulator
		Debug|iPhone = Debug|iPhone
	EndGlobalSection
	GlobalSection(ProjectConfigurationPlatforms) = postSolution
		{49C707B7-790F-43EA-B6F9-4CE8135FC528}.Debug|iPhoneSimulator.ActiveCfg = Debug|iPhoneSimulator
		{49C707B7-790F-43EA-B6F9-4CE8135FC528}.Debug|iPhoneSimulator.Build.0 = Debug|iPhoneSimulator
		{49C707B7-790F-43EA-B6F9-4CE8135FC528}.Release|iPhone.ActiveCfg = Release|iPhone
		{49C707B7-790F-43EA-B6F9-4CE8135FC528}.Release|iPhone.Build.0 = Release|iPhone
		{49C707B7-790F-43EA-B6F9-4CE8135FC528}.Release|iPhoneSimulator.ActiveCfg = Release|iPhoneSimulator
		{49C707B7-790F-43EA-B6F9-4CE8135FC528}.Release|iPhoneSimulator.Build.0 = Release|iPhoneSimulator
		{49C707B7-790F-43EA-B6F9-4CE8135FC528}.Debug|iPhone.ActiveCfg = Debug|iPhone
		{49C707B7-790F-43EA-B6F9-4CE8135FC528}.Debug|iPhone.Build.0 = Debug|iPhone
	EndGlobalSection
EndGlobal
